# THIS IS AN AUTOGENERATED FILE. DO NOT EDIT THIS FILE DIRECTLY.
# yarn lockfile v1


argparse@^1.0.7:
  version "1.0.10"
  resolved "https://registry.yarnpkg.com/argparse/-/argparse-1.0.10.tgz#bcd6791ea5ae09725e17e5ad988134cd40b3d911"
  dependencies:
    sprintf-js "~1.0.2"

commander@1.0.0:
  version "1.0.0"
  resolved "https://registry.yarnpkg.com/commander/-/commander-1.0.0.tgz#5e6a88e7070ff5908836ead19169548c30f90bcd"

esprima@^4.0.0:
  version "4.0.1"
  resolved "https://registry.yarnpkg.com/esprima/-/esprima-4.0.1.tgz#13b04cdb3e6c5d19df91ab6987a8695619b0aa71"

feed@^3.0.0:
  version "3.0.0"
  resolved "https://registry.yarnpkg.com/feed/-/feed-3.0.0.tgz#be9cada49c692197e7e14083711597562d14a486"
  integrity sha512-2/6RGigcsZkz04LMs8oncuoN08hCOndz7eseLtbSitvIkjDZPkNZY6Y9C2xgTzy1L8u4+TZvCJ/v5zxlmGy2kA==
  dependencies:
    xml-js "^1.6.11"

js-yaml@^3.10.0:
  version "3.12.1"
  resolved "https://registry.yarnpkg.com/js-yaml/-/js-yaml-3.12.1.tgz#295c8632a18a23e054cf5c9d3cecafe678167600"
  dependencies:
    argparse "^1.0.7"
    esprima "^4.0.0"

marked@^0.6.3:
  version "0.6.3"
  resolved "https://registry.yarnpkg.com/marked/-/marked-0.6.3.tgz#79babad78af638ba4d522a9e715cdfdd2429e946"
  integrity sha512-Fqa7eq+UaxfMriqzYLayfqAE40WN03jf+zHjT18/uXNuzjq3TY0XTbrAoPeqSJrAmPz11VuUA+kBPYOhHt9oOQ==

ncp@^2.0.0:
  version "2.0.0"
  resolved "https://registry.yarnpkg.com/ncp/-/ncp-2.0.0.tgz#195a21d6c46e361d2fb1281ba38b91e9df7bdbb3"

sax@^1.2.4:
  version "1.2.4"
  resolved "https://registry.yarnpkg.com/sax/-/sax-1.2.4.tgz#2816234e2378bddc4e5354fab5caa895df7100d9"
  integrity sha512-NqVDv9TpANUjFm0N8uM5GxL36UgKi9/atZw+x7YFnQ8ckwFGKrl4xX4yWtrey3UJm5nP1kUbnYgLopqWNSRhWw==

sprintf-js@~1.0.2:
  version "1.0.3"
  resolved "https://registry.yarnpkg.com/sprintf-js/-/sprintf-js-1.0.3.tgz#04e6926f662895354f3dd015203633b857297e2c"

xml-js@^1.6.11:
  version "1.6.11"
  resolved "https://registry.yarnpkg.com/xml-js/-/xml-js-1.6.11.tgz#927d2f6947f7f1c19a316dd8eea3614e8b18f8e9"
  integrity sha512-7rVi2KMfwfWFl+GpPg6m80IVMWXLRjO+PxTq7V2CDhoGak0wzYzFgUY2m4XJ47OGdXd8eLE8EmwfAmdjw7lC1g==
  dependencies:
    sax "^1.2.4"

yaml-front-matter@^4.0.0:
  version "4.0.0"
  resolved "https://registry.yarnpkg.com/yaml-front-matter/-/yaml-front-matter-4.0.0.tgz#11c378c54eac3061a82cbaf693a69b4e4c44f484"
  dependencies:
    commander "1.0.0"
    js-yaml "^3.10.0"
